# This file is autogenerated, do not edit; changes may be undone by the next 'dep ensure'.


[[projects]]
  branch = "master"
  name = "github.com/singcl/go-simple"
  packages = [
    "pack1",
    "person"
  ]
  revision = "d7b78102ca3b68e20eadf19dd67581be86558a4f"

[solve-meta]
  analyzer-name = "dep"
  analyzer-version = 1
  inputs-digest = "45330327573183e58319fa03c922eac682e5fe4f39c867980c2fdab9dc8275f9"
  solver-name = "gps-cdcl"
  solver-version = 1
